{
  "name": "Angular-ProjectsCollection",
  "lockfileVersion": 2,
  "requires": true,
  "packages": {
    "": {
      "dependencies": {
        "@ngrx/effects": "^14.3.0",
        "@ngrx/store": "^14.1.0",
        "bootstrap": "^5.2.0",
        "jquery": "^3.6.0",
        "nodejs": "^0.0.0"
      }
    },
    "node_modules/@angular/core": {
      "version": "14.1.2",
      "resolved": "https://registry.npmjs.org/@angular/core/-/core-14.1.2.tgz",
      "integrity": "sha512-7DkeMYxXaWiUN0SztsD/dUn8SYo7305sM9HtX9RCGG/pweOoIIdcRhTxyiatyVGzTuulwMs/Y/rD1Q+GsDCnow==",
      "peer": true,
      "dependencies": {
        "tslib": "^2.3.0"
      },
      "engines": {
        "node": "^14.15.0 || >=16.10.0"
      },
      "peerDependencies": {
        "rxjs": "^6.5.3 || ^7.4.0",
        "zone.js": "~0.11.4"
      }
    },
    "node_modules/@ngrx/effects": {
      "version": "14.3.0",
      "resolved": "https://registry.npmjs.org/@ngrx/effects/-/effects-14.3.0.tgz",
      "integrity": "sha512-oMe4yYRiqgE3Q6h77KC6JoqdAGYIaSK1DSPUtsnvva201pPbj//TB7OgIEySQDHCMTeABPde0VqlkTSuFKo6yA==",
      "dependencies": {
        "tslib": "^2.0.0"
      },
      "peerDependencies": {
        "@angular/core": "^14.0.0",
        "@ngrx/store": "14.3.0",
        "rxjs": "^6.5.3 || ^7.5.0"
      }
    },
    "node_modules/@ngrx/store": {
      "version": "14.3.0",
      "resolved": "https://registry.npmjs.org/@ngrx/store/-/store-14.3.0.tgz",
      "integrity": "sha512-pGH7wGS8pTtt6w+IY+OvSwNFFeD6YYYGJnDM+1+qKzl3nfHMBhFVUGX9u2eYV9vAKxx7TUJt80crCARjdo3U5g==",
      "dependencies": {
        "tslib": "^2.0.0"
      },
      "peerDependencies": {
        "@angular/core": "^14.0.0",
        "rxjs": "^6.5.3 || ^7.5.0"
      }
    },
    "node_modules/@popperjs/core": {
      "version": "2.11.5",
      "resolved": "https://registry.npmjs.org/@popperjs/core/-/core-2.11.5.tgz",
      "integrity": "sha512-9X2obfABZuDVLCgPK9aX0a/x4jaOEweTTWE2+9sr0Qqqevj2Uv5XorvusThmc9XGYpS9yI+fhh8RTafBtGposw==",
      "peer": true,
      "funding": {
        "type": "opencollective",
        "url": "https://opencollective.com/popperjs"
      }
    },
    "node_modules/bootstrap": {
      "version": "5.2.0",
      "resolved": "https://registry.npmjs.org/bootstrap/-/bootstrap-5.2.0.tgz",
      "integrity": "sha512-qlnS9GL6YZE6Wnef46GxGv1UpGGzAwO0aPL1yOjzDIJpeApeMvqV24iL+pjr2kU4dduoBA9fINKWKgMToobx9A==",
      "funding": [
        {
          "type": "github",
          "url": "https://github.com/sponsors/twbs"
        },
        {
          "type": "opencollective",
          "url": "https://opencollective.com/bootstrap"
        }
      ],
      "peerDependencies": {
        "@popperjs/core": "^2.11.5"
      }
    },
    "node_modules/jquery": {
      "version": "3.6.0",
      "resolved": "https://registry.npmjs.org/jquery/-/jquery-3.6.0.tgz",
      "integrity": "sha512-JVzAR/AjBvVt2BmYhxRCSYysDsPcssdmTFnzyLEts9qNwmjmu4JTAMYubEfwVOSwpQ1I1sKKFcxhZCI2buerfw=="
    },
    "node_modules/nodejs": {
      "version": "0.0.0",
      "resolved": "https://registry.npmjs.org/nodejs/-/nodejs-0.0.0.tgz",
      "integrity": "sha512-1V+0HwaB/dhxzidEFc4uJ3k52gLI4B6YBZgJIofjwYCSAkD6CI0me6TDBT2QM2nbGWNxCHcq9/wVynzQYZOhUg=="
    },
    "node_modules/rxjs": {
      "version": "7.5.6",
      "resolved": "https://registry.npmjs.org/rxjs/-/rxjs-7.5.6.tgz",
      "integrity": "sha512-dnyv2/YsXhnm461G+R/Pe5bWP41Nm6LBXEYWI6eiFP4fiwx6WRI/CD0zbdVAudd9xwLEF2IDcKXLHit0FYjUzw==",
      "peer": true,
      "dependencies": {
        "tslib": "^2.1.0"
      }
    },
    "node_modules/tslib": {
      "version": "2.4.0",
      "resolved": "https://registry.npmjs.org/tslib/-/tslib-2.4.0.tgz",
      "integrity": "sha512-d6xOpEDfsi2CZVlPQzGeux8XMwLT9hssAsaPYExaQMuYskwb+x1x7J371tWlbBdWHroy99KnVB6qIkUbs5X3UQ=="
    },
    "node_modules/zone.js": {
      "version": "0.11.8",
      "resolved": "https://registry.npmjs.org/zone.js/-/zone.js-0.11.8.tgz",
      "integrity": "sha512-82bctBg2hKcEJ21humWIkXRlLBBmrc3nN7DFh5LGGhcyycO2S7FN8NmdvlcKaGFDNVL4/9kFLmwmInTavdJERA==",
      "peer": true,
      "dependencies": {
        "tslib": "^2.3.0"
      }
    }
  },
  "dependencies": {
    "@angular/core": {
      "version": "14.1.2",
      "resolved": "https://registry.npmjs.org/@angular/core/-/core-14.1.2.tgz",
      "integrity": "sha512-7DkeMYxXaWiUN0SztsD/dUn8SYo7305sM9HtX9RCGG/pweOoIIdcRhTxyiatyVGzTuulwMs/Y/rD1Q+GsDCnow==",
      "peer": true,
      "requires": {
        "tslib": "^2.3.0"
      }
    },
    "@ngrx/effects": {
      "version": "14.3.0",
      "resolved": "https://registry.npmjs.org/@ngrx/effects/-/effects-14.3.0.tgz",
      "integrity": "sha512-oMe4yYRiqgE3Q6h77KC6JoqdAGYIaSK1DSPUtsnvva201pPbj//TB7OgIEySQDHCMTeABPde0VqlkTSuFKo6yA==",
      "requires": {
        "tslib": "^2.0.0"
      }
    },
    "@ngrx/store": {
      "version": "14.3.0",
      "resolved": "https://registry.npmjs.org/@ngrx/store/-/store-14.3.0.tgz",
      "integrity": "sha512-pGH7wGS8pTtt6w+IY+OvSwNFFeD6YYYGJnDM+1+qKzl3nfHMBhFVUGX9u2eYV9vAKxx7TUJt80crCARjdo3U5g==",
      "requires": {
        "tslib": "^2.0.0"
      }
    },
    "@popperjs/core": {
      "version": "2.11.5",
      "resolved": "https://registry.npmjs.org/@popperjs/core/-/core-2.11.5.tgz",
      "integrity": "sha512-9X2obfABZuDVLCgPK9aX0a/x4jaOEweTTWE2+9sr0Qqqevj2Uv5XorvusThmc9XGYpS9yI+fhh8RTafBtGposw==",
      "peer": true
    },
    "bootstrap": {
      "version": "5.2.0",
      "resolved": "https://registry.npmjs.org/bootstrap/-/bootstrap-5.2.0.tgz",
      "integrity": "sha512-qlnS9GL6YZE6Wnef46GxGv1UpGGzAwO0aPL1yOjzDIJpeApeMvqV24iL+pjr2kU4dduoBA9fINKWKgMToobx9A==",
      "requires": {}
    },
    "jquery": {
      "version": "3.6.0",
      "resolved": "https://registry.npmjs.org/jquery/-/jquery-3.6.0.tgz",
      "integrity": "sha512-JVzAR/AjBvVt2BmYhxRCSYysDsPcssdmTFnzyLEts9qNwmjmu4JTAMYubEfwVOSwpQ1I1sKKFcxhZCI2buerfw=="
    },
    "nodejs": {
      "version": "0.0.0",
      "resolved": "https://registry.npmjs.org/nodejs/-/nodejs-0.0.0.tgz",
      "integrity": "sha512-1V+0HwaB/dhxzidEFc4uJ3k52gLI4B6YBZgJIofjwYCSAkD6CI0me6TDBT2QM2nbGWNxCHcq9/wVynzQYZOhUg=="
    },
    "rxjs": {
      "version": "7.5.6",
      "resolved": "https://registry.npmjs.org/rxjs/-/rxjs-7.5.6.tgz",
      "integrity": "sha512-dnyv2/YsXhnm461G+R/Pe5bWP41Nm6LBXEYWI6eiFP4fiwx6WRI/CD0zbdVAudd9xwLEF2IDcKXLHit0FYjUzw==",
      "peer": true,
      "requires": {
        "tslib": "^2.1.0"
      }
    },
    "tslib": {
      "version": "2.4.0",
      "resolved": "https://registry.npmjs.org/tslib/-/tslib-2.4.0.tgz",
      "integrity": "sha512-d6xOpEDfsi2CZVlPQzGeux8XMwLT9hssAsaPYExaQMuYskwb+x1x7J371tWlbBdWHroy99KnVB6qIkUbs5X3UQ=="
    },
    "zone.js": {
      "version": "0.11.8",
      "resolved": "https://registry.npmjs.org/zone.js/-/zone.js-0.11.8.tgz",
      "integrity": "sha512-82bctBg2hKcEJ21humWIkXRlLBBmrc3nN7DFh5LGGhcyycO2S7FN8NmdvlcKaGFDNVL4/9kFLmwmInTavdJERA==",
      "peer": true,
      "requires": {
        "tslib": "^2.3.0"
      }
    }
  }
}
